
Microsoft Visual Studio Solution File, Format Version 12.00
# Visual Studio Version 16
VisualStudioVersion = 16.0.31424.327
MinimumVisualStudioVersion = 10.0.40219.1
Project("{9A19103F-16F7-4668-BE54-9A1E7A4F7556}") = "GraphLab.Core", "GraphLab.Core\GraphLab.Core.csproj", "{21FBEED5-AF42-4365-BB43-1D5D1AD9CBBD}"
EndProject
Project("{9A19103F-16F7-4668-BE54-9A1E7A4F7556}") = "GraphLab.Core.Algorithms", "GraphLab.Core.Algorithms\GraphLab.Core.Algorithms.csproj", "{4AE34655-175C-49B7-8995-263C1894FA0A}"
EndProject
Project("{9A19103F-16F7-4668-BE54-9A1E7A4F7556}") = "GraphLab.Blazor", "GraphLab.Blazor\GraphLab.Blazor.csproj", "{9C4DD266-4EE6-4D1A-8633-DB8AEBC7C303}"
EndProject
Global
	GlobalSection(SolutionConfigurationPlatforms) = preSolution
		Debug|Any CPU = Debug|Any CPU
		Release|Any CPU = Release|Any CPU
	EndGlobalSection
	GlobalSection(ProjectConfigurationPlatforms) = postSolution
		{21FBEED5-AF42-4365-BB43-1D5D1AD9CBBD}.Debug|Any CPU.ActiveCfg = Debug|Any CPU
		{21FBEED5-AF42-4365-BB43-1D5D1AD9CBBD}.Debug|Any CPU.Build.0 = Debug|Any CPU
		{21FBEED5-AF42-4365-BB43-1D5D1AD9CBBD}.Release|Any CPU.ActiveCfg = Release|Any CPU
		{21FBEED5-AF42-4365-BB43-1D5D1AD9CBBD}.Release|Any CPU.Build.0 = Release|Any CPU
		{4AE34655-175C-49B7-8995-263C1894FA0A}.Debug|Any CPU.ActiveCfg = Debug|Any CPU
		{4AE34655-175C-49B7-8995-263C1894FA0A}.Debug|Any CPU.Build.0 = Debug|Any CPU
		{4AE34655-175C-49B7-8995-263C1894FA0A}.Release|Any CPU.ActiveCfg = Release|Any CPU
		{4AE34655-175C-49B7-8995-263C1894FA0A}.Release|Any CPU.Build.0 = Release|Any CPU
		{9C4DD266-4EE6-4D1A-8633-DB8AEBC7C303}.Debug|Any CPU.ActiveCfg = Debug|Any CPU
		{9C4DD266-4EE6-4D1A-8633-DB8AEBC7C303}.Debug|Any CPU.Build.0 = Debug|Any CPU
		{9C4DD266-4EE6-4D1A-8633-DB8AEBC7C303}.Release|Any CPU.ActiveCfg = Release|Any CPU
		{9C4DD266-4EE6-4D1A-8633-DB8AEBC7C303}.Release|Any CPU.Build.0 = Release|Any CPU
	EndGlobalSection
	GlobalSection(SolutionProperties) = preSolution
		HideSolutionNode = FALSE
	EndGlobalSection
	GlobalSection(ExtensibilityGlobals) = postSolution
		SolutionGuid = {74819D8C-3AFB-493F-BBAB-59A327FE63F5}
	EndGlobalSection
EndGlobal
